// !$*UTF8*$!
{
	archiveVersion = 1;
	classes = {
	};
	objectVersion = 48;
	objects = {

/* Begin PBXBuildFile section */
		6532F4961FF2E9AD00A0FA7D /* User.swift in Sources */ = {isa = PBXBuildFile; fileRef = 6532F4951FF2E9AD00A0FA7D /* User.swift */; };
		6532F4981FF2E9C500A0FA7D /* Transaction.swift in Sources */ = {isa = PBXBuildFile; fileRef = 6532F4971FF2E9C500A0FA7D /* Transaction.swift */; };
		65A36E3F2001403B00598783 /* ObservableTransaction.swift in Sources */ = {isa = PBXBuildFile; fileRef = 65A36E3E2001403B00598783 /* ObservableTransaction.swift */; };
		65A36E412001406A00598783 /* SplitTransaction.swift in Sources */ = {isa = PBXBuildFile; fileRef = 65A36E402001406A00598783 /* SplitTransaction.swift */; };
		65A36E432001565800598783 /* TransactionFactory.swift in Sources */ = {isa = PBXBuildFile; fileRef = 65A36E422001565800598783 /* TransactionFactory.swift */; };
		9F84FFCF20051D4E00AAE9D6 /* UIViewControllerExtension.swift in Sources */ = {isa = PBXBuildFile; fileRef = 9F84FFCE20051D4E00AAE9D6 /* UIViewControllerExtension.swift */; };
		9F84FFD5200535F400AAE9D6 /* TransactionTableViewCell.swift in Sources */ = {isa = PBXBuildFile; fileRef = 9F84FFD4200535F400AAE9D6 /* TransactionTableViewCell.swift */; };
		9F84FFDC2005819F00AAE9D6 /* SelectMonthTableViewController.swift in Sources */ = {isa = PBXBuildFile; fileRef = 9F84FFDB2005819F00AAE9D6 /* SelectMonthTableViewController.swift */; };
		9F84FFE42005B7FA00AAE9D6 /* DatePickerTableViewCell.swift in Sources */ = {isa = PBXBuildFile; fileRef = 9F84FFE32005B7FA00AAE9D6 /* DatePickerTableViewCell.swift */; };
		9F84FFE62005B93300AAE9D6 /* DateTableViewCell.swift in Sources */ = {isa = PBXBuildFile; fileRef = 9F84FFE52005B93300AAE9D6 /* DateTableViewCell.swift */; };
		9F84FFE82005B9E600AAE9D6 /* PaymentExpenseSegmentControllerTableViewCell.swift in Sources */ = {isa = PBXBuildFile; fileRef = 9F84FFE72005B9E600AAE9D6 /* PaymentExpenseSegmentControllerTableViewCell.swift */; };
		9F84FFEC2005BD0000AAE9D6 /* PaymentRecipientTableViewCell.swift in Sources */ = {isa = PBXBuildFile; fileRef = 9F84FFEB2005BD0000AAE9D6 /* PaymentRecipientTableViewCell.swift */; };
		9F84FFEE2005BF7D00AAE9D6 /* CategoryTableViewCell.swift in Sources */ = {isa = PBXBuildFile; fileRef = 9F84FFED2005BF7D00AAE9D6 /* CategoryTableViewCell.swift */; };
		9FA133062002EBFE001CCE5A /* SelectCategoryTableViewController.swift in Sources */ = {isa = PBXBuildFile; fileRef = 9FA133052002EBFE001CCE5A /* SelectCategoryTableViewController.swift */; };
		9FA1330A2002F713001CCE5A /* IndividualExpenseCategoryTableViewController.swift in Sources */ = {isa = PBXBuildFile; fileRef = 9FA133092002F713001CCE5A /* IndividualExpenseCategoryTableViewController.swift */; };
		9FA1330C2002FD38001CCE5A /* AddNewExpenseViewController.swift in Sources */ = {isa = PBXBuildFile; fileRef = 9FA1330B2002FD38001CCE5A /* AddNewExpenseViewController.swift */; };
		9FEFCAF41FE5D18100905717 /* AppDelegate.swift in Sources */ = {isa = PBXBuildFile; fileRef = 9FEFCAF31FE5D18100905717 /* AppDelegate.swift */; };
		9FEFCAFB1FE5D18100905717 /* Main.storyboard in Resources */ = {isa = PBXBuildFile; fileRef = 9FEFCAF91FE5D18100905717 /* Main.storyboard */; };
		9FEFCAFD1FE5D18100905717 /* Assets.xcassets in Resources */ = {isa = PBXBuildFile; fileRef = 9FEFCAFC1FE5D18100905717 /* Assets.xcassets */; };
		9FEFCB001FE5D18100905717 /* LaunchScreen.storyboard in Resources */ = {isa = PBXBuildFile; fileRef = 9FEFCAFE1FE5D18100905717 /* LaunchScreen.storyboard */; };
		9FEFCB0B1FE5D18100905717 /* Expenses_AppTests.swift in Sources */ = {isa = PBXBuildFile; fileRef = 9FEFCB0A1FE5D18100905717 /* Expenses_AppTests.swift */; };
		9FEFCB161FE5D18100905717 /* Expenses_AppUITests.swift in Sources */ = {isa = PBXBuildFile; fileRef = 9FEFCB151FE5D18100905717 /* Expenses_AppUITests.swift */; };
/* End PBXBuildFile section */

/* Begin PBXContainerItemProxy section */
		9FEFCB071FE5D18100905717 /* PBXContainerItemProxy */ = {
			isa = PBXContainerItemProxy;
			containerPortal = 9FEFCAE81FE5D18000905717 /* Project object */;
			proxyType = 1;
			remoteGlobalIDString = 9FEFCAEF1FE5D18000905717;
			remoteInfo = "Expenses App";
		};
		9FEFCB121FE5D18100905717 /* PBXContainerItemProxy */ = {
			isa = PBXContainerItemProxy;
			containerPortal = 9FEFCAE81FE5D18000905717 /* Project object */;
			proxyType = 1;
			remoteGlobalIDString = 9FEFCAEF1FE5D18000905717;
			remoteInfo = "Expenses App";
		};
/* End PBXContainerItemProxy section */

/* Begin PBXFileReference section */
		6532F4951FF2E9AD00A0FA7D /* User.swift */ = {isa = PBXFileReference; lastKnownFileType = sourcecode.swift; path = User.swift; sourceTree = "<group>"; };
		6532F4971FF2E9C500A0FA7D /* Transaction.swift */ = {isa = PBXFileReference; lastKnownFileType = sourcecode.swift; path = Transaction.swift; sourceTree = "<group>"; };
		65A36E3E2001403B00598783 /* ObservableTransaction.swift */ = {isa = PBXFileReference; lastKnownFileType = sourcecode.swift; path = ObservableTransaction.swift; sourceTree = "<group>"; };
		65A36E402001406A00598783 /* SplitTransaction.swift */ = {isa = PBXFileReference; lastKnownFileType = sourcecode.swift; path = SplitTransaction.swift; sourceTree = "<group>"; };
		65A36E422001565800598783 /* TransactionFactory.swift */ = {isa = PBXFileReference; lastKnownFileType = sourcecode.swift; path = TransactionFactory.swift; sourceTree = "<group>"; };
		9F84FFCE20051D4E00AAE9D6 /* UIViewControllerExtension.swift */ = {isa = PBXFileReference; lastKnownFileType = sourcecode.swift; path = UIViewControllerExtension.swift; sourceTree = "<group>"; };
		9F84FFD4200535F400AAE9D6 /* TransactionTableViewCell.swift */ = {isa = PBXFileReference; lastKnownFileType = sourcecode.swift; path = TransactionTableViewCell.swift; sourceTree = "<group>"; };
		9F84FFDB2005819F00AAE9D6 /* SelectMonthTableViewController.swift */ = {isa = PBXFileReference; lastKnownFileType = sourcecode.swift; path = SelectMonthTableViewController.swift; sourceTree = "<group>"; };
		9F84FFE32005B7FA00AAE9D6 /* DatePickerTableViewCell.swift */ = {isa = PBXFileReference; lastKnownFileType = sourcecode.swift; path = DatePickerTableViewCell.swift; sourceTree = "<group>"; };
		9F84FFE52005B93300AAE9D6 /* DateTableViewCell.swift */ = {isa = PBXFileReference; lastKnownFileType = sourcecode.swift; path = DateTableViewCell.swift; sourceTree = "<group>"; };
		9F84FFE72005B9E600AAE9D6 /* PaymentExpenseSegmentControllerTableViewCell.swift */ = {isa = PBXFileReference; lastKnownFileType = sourcecode.swift; path = PaymentExpenseSegmentControllerTableViewCell.swift; sourceTree = "<group>"; };
		9F84FFEB2005BD0000AAE9D6 /* PaymentRecipientTableViewCell.swift */ = {isa = PBXFileReference; lastKnownFileType = sourcecode.swift; path = PaymentRecipientTableViewCell.swift; sourceTree = "<group>"; };
		9F84FFED2005BF7D00AAE9D6 /* CategoryTableViewCell.swift */ = {isa = PBXFileReference; lastKnownFileType = sourcecode.swift; path = CategoryTableViewCell.swift; sourceTree = "<group>"; };
		9FA133052002EBFE001CCE5A /* SelectCategoryTableViewController.swift */ = {isa = PBXFileReference; lastKnownFileType = sourcecode.swift; path = SelectCategoryTableViewController.swift; sourceTree = "<group>"; };
		9FA133092002F713001CCE5A /* IndividualExpenseCategoryTableViewController.swift */ = {isa = PBXFileReference; lastKnownFileType = sourcecode.swift; path = IndividualExpenseCategoryTableViewController.swift; sourceTree = "<group>"; };
		9FA1330B2002FD38001CCE5A /* AddNewExpenseViewController.swift */ = {isa = PBXFileReference; lastKnownFileType = sourcecode.swift; path = AddNewExpenseViewController.swift; sourceTree = "<group>"; };
		9FEFCAF01FE5D18100905717 /* Expenses App.app */ = {isa = PBXFileReference; explicitFileType = wrapper.application; includeInIndex = 0; path = "Expenses App.app"; sourceTree = BUILT_PRODUCTS_DIR; };
		9FEFCAF31FE5D18100905717 /* AppDelegate.swift */ = {isa = PBXFileReference; lastKnownFileType = sourcecode.swift; path = AppDelegate.swift; sourceTree = "<group>"; };
		9FEFCAFA1FE5D18100905717 /* Base */ = {isa = PBXFileReference; lastKnownFileType = file.storyboard; name = Base; path = Base.lproj/Main.storyboard; sourceTree = "<group>"; };
		9FEFCAFC1FE5D18100905717 /* Assets.xcassets */ = {isa = PBXFileReference; lastKnownFileType = folder.assetcatalog; path = Assets.xcassets; sourceTree = "<group>"; };
		9FEFCAFF1FE5D18100905717 /* Base */ = {isa = PBXFileReference; lastKnownFileType = file.storyboard; name = Base; path = Base.lproj/LaunchScreen.storyboard; sourceTree = "<group>"; };
		9FEFCB011FE5D18100905717 /* Info.plist */ = {isa = PBXFileReference; lastKnownFileType = text.plist.xml; path = Info.plist; sourceTree = "<group>"; };
		9FEFCB061FE5D18100905717 /* Expenses AppTests.xctest */ = {isa = PBXFileReference; explicitFileType = wrapper.cfbundle; includeInIndex = 0; path = "Expenses AppTests.xctest"; sourceTree = BUILT_PRODUCTS_DIR; };
		9FEFCB0A1FE5D18100905717 /* Expenses_AppTests.swift */ = {isa = PBXFileReference; lastKnownFileType = sourcecode.swift; path = Expenses_AppTests.swift; sourceTree = "<group>"; };
		9FEFCB0C1FE5D18100905717 /* Info.plist */ = {isa = PBXFileReference; lastKnownFileType = text.plist.xml; path = Info.plist; sourceTree = "<group>"; };
		9FEFCB111FE5D18100905717 /* Expenses AppUITests.xctest */ = {isa = PBXFileReference; explicitFileType = wrapper.cfbundle; includeInIndex = 0; path = "Expenses AppUITests.xctest"; sourceTree = BUILT_PRODUCTS_DIR; };
		9FEFCB151FE5D18100905717 /* Expenses_AppUITests.swift */ = {isa = PBXFileReference; lastKnownFileType = sourcecode.swift; path = Expenses_AppUITests.swift; sourceTree = "<group>"; };
		9FEFCB171FE5D18100905717 /* Info.plist */ = {isa = PBXFileReference; lastKnownFileType = text.plist.xml; path = Info.plist; sourceTree = "<group>"; };
/* End PBXFileReference section */

/* Begin PBXFrameworksBuildPhase section */
		9FEFCAED1FE5D18000905717 /* Frameworks */ = {
			isa = PBXFrameworksBuildPhase;
			buildActionMask = 2147483647;
			files = (
			);
			runOnlyForDeploymentPostprocessing = 0;
		};
		9FEFCB031FE5D18100905717 /* Frameworks */ = {
			isa = PBXFrameworksBuildPhase;
			buildActionMask = 2147483647;
			files = (
			);
			runOnlyForDeploymentPostprocessing = 0;
		};
		9FEFCB0E1FE5D18100905717 /* Frameworks */ = {
			isa = PBXFrameworksBuildPhase;
			buildActionMask = 2147483647;
			files = (
			);
			runOnlyForDeploymentPostprocessing = 0;
		};
/* End PBXFrameworksBuildPhase section */

/* Begin PBXGroup section */
		9F84FFDD2005AAB500AAE9D6 /* Select Individual Category */ = {
			isa = PBXGroup;
			children = (
				9F84FFDB2005819F00AAE9D6 /* SelectMonthTableViewController.swift */,
				9FA133052002EBFE001CCE5A /* SelectCategoryTableViewController.swift */,
			);
			path = "Select Individual Category";
			sourceTree = "<group>";
		};
		9F84FFDF2005AAE700AAE9D6 /* View Individual Transactions */ = {
			isa = PBXGroup;
			children = (
				9FA133092002F713001CCE5A /* IndividualExpenseCategoryTableViewController.swift */,
				9F84FFD4200535F400AAE9D6 /* TransactionTableViewCell.swift */,
			);
			path = "View Individual Transactions";
			sourceTree = "<group>";
		};
		9F84FFE02005AAFE00AAE9D6 /* Model */ = {
			isa = PBXGroup;
			children = (
				65A36E3E2001403B00598783 /* ObservableTransaction.swift */,
				6532F4971FF2E9C500A0FA7D /* Transaction.swift */,
				65A36E402001406A00598783 /* SplitTransaction.swift */,
				65A36E422001565800598783 /* TransactionFactory.swift */,
				6532F4951FF2E9AD00A0FA7D /* User.swift */,
			);
			path = Model;
			sourceTree = "<group>";
		};
		9F84FFE22005AB4600AAE9D6 /* Add New Expense */ = {
			isa = PBXGroup;
			children = (
				9FA1330B2002FD38001CCE5A /* AddNewExpenseViewController.swift */,
				9F84FFE32005B7FA00AAE9D6 /* DatePickerTableViewCell.swift */,
				9F84FFE52005B93300AAE9D6 /* DateTableViewCell.swift */,
				9F84FFE72005B9E600AAE9D6 /* PaymentExpenseSegmentControllerTableViewCell.swift */,
				9F84FFEB2005BD0000AAE9D6 /* PaymentRecipientTableViewCell.swift */,
				9F84FFED2005BF7D00AAE9D6 /* CategoryTableViewCell.swift */,
			);
			path = "Add New Expense";
			sourceTree = "<group>";
		};
		9FEFCAE71FE5D18000905717 = {
			isa = PBXGroup;
			children = (
				9FEFCAF21FE5D18100905717 /* Expenses App */,
				9FEFCB091FE5D18100905717 /* Expenses AppTests */,
				9FEFCB141FE5D18100905717 /* Expenses AppUITests */,
				9FEFCAF11FE5D18100905717 /* Products */,
			);
			sourceTree = "<group>";
		};
		9FEFCAF11FE5D18100905717 /* Products */ = {
			isa = PBXGroup;
			children = (
				9FEFCAF01FE5D18100905717 /* Expenses App.app */,
				9FEFCB061FE5D18100905717 /* Expenses AppTests.xctest */,
				9FEFCB111FE5D18100905717 /* Expenses AppUITests.xctest */,
			);
			name = Products;
			sourceTree = "<group>";
		};
		9FEFCAF21FE5D18100905717 /* Expenses App */ = {
			isa = PBXGroup;
			children = (
				9F84FFE02005AAFE00AAE9D6 /* Model */,
				9F84FFDD2005AAB500AAE9D6 /* Select Individual Category */,
				9F84FFDF2005AAE700AAE9D6 /* View Individual Transactions */,
				9FEFCAF31FE5D18100905717 /* AppDelegate.swift */,
				9FEFCAF91FE5D18100905717 /* Main.storyboard */,
				9FEFCAFC1FE5D18100905717 /* Assets.xcassets */,
				9FEFCAFE1FE5D18100905717 /* LaunchScreen.storyboard */,
				9FEFCB011FE5D18100905717 /* Info.plist */,
				9F84FFE22005AB4600AAE9D6 /* Add New Expense */,
				9F84FFCE20051D4E00AAE9D6 /* UIViewControllerExtension.swift */,
			);
			path = "Expenses App";
			sourceTree = "<group>";
		};
		9FEFCB091FE5D18100905717 /* Expenses AppTests */ = {
			isa = PBXGroup;
			children = (
				9FEFCB0A1FE5D18100905717 /* Expenses_AppTests.swift */,
				9FEFCB0C1FE5D18100905717 /* Info.plist */,
			);
			path = "Expenses AppTests";
			sourceTree = "<group>";
		};
		9FEFCB141FE5D18100905717 /* Expenses AppUITests */ = {
			isa = PBXGroup;
			children = (
				9FEFCB151FE5D18100905717 /* Expenses_AppUITests.swift */,
				9FEFCB171FE5D18100905717 /* Info.plist */,
			);
			path = "Expenses AppUITests";
			sourceTree = "<group>";
		};
/* End PBXGroup section */

/* Begin PBXNativeTarget section */
		9FEFCAEF1FE5D18000905717 /* Expenses App */ = {
			isa = PBXNativeTarget;
			buildConfigurationList = 9FEFCB1A1FE5D18100905717 /* Build configuration list for PBXNativeTarget "Expenses App" */;
			buildPhases = (
				9FEFCAEC1FE5D18000905717 /* Sources */,
				9FEFCAED1FE5D18000905717 /* Frameworks */,
				9FEFCAEE1FE5D18000905717 /* Resources */,
			);
			buildRules = (
			);
			dependencies = (
			);
			name = "Expenses App";
			productName = "Expenses App";
			productReference = 9FEFCAF01FE5D18100905717 /* Expenses App.app */;
			productType = "com.apple.product-type.application";
		};
		9FEFCB051FE5D18100905717 /* Expenses AppTests */ = {
			isa = PBXNativeTarget;
			buildConfigurationList = 9FEFCB1D1FE5D18100905717 /* Build configuration list for PBXNativeTarget "Expenses AppTests" */;
			buildPhases = (
				9FEFCB021FE5D18100905717 /* Sources */,
				9FEFCB031FE5D18100905717 /* Frameworks */,
				9FEFCB041FE5D18100905717 /* Resources */,
			);
			buildRules = (
			);
			dependencies = (
				9FEFCB081FE5D18100905717 /* PBXTargetDependency */,
			);
			name = "Expenses AppTests";
			productName = "Expenses AppTests";
			productReference = 9FEFCB061FE5D18100905717 /* Expenses AppTests.xctest */;
			productType = "com.apple.product-type.bundle.unit-test";
		};
		9FEFCB101FE5D18100905717 /* Expenses AppUITests */ = {
			isa = PBXNativeTarget;
			buildConfigurationList = 9FEFCB201FE5D18100905717 /* Build configuration list for PBXNativeTarget "Expenses AppUITests" */;
			buildPhases = (
				9FEFCB0D1FE5D18100905717 /* Sources */,
				9FEFCB0E1FE5D18100905717 /* Frameworks */,
				9FEFCB0F1FE5D18100905717 /* Resources */,
			);
			buildRules = (
			);
			dependencies = (
				9FEFCB131FE5D18100905717 /* PBXTargetDependency */,
			);
			name = "Expenses AppUITests";
			productName = "Expenses AppUITests";
			productReference = 9FEFCB111FE5D18100905717 /* Expenses AppUITests.xctest */;
			productType = "com.apple.product-type.bundle.ui-testing";
		};
/* End PBXNativeTarget section */

/* Begin PBXProject section */
		9FEFCAE81FE5D18000905717 /* Project object */ = {
			isa = PBXProject;
			attributes = {
				LastSwiftUpdateCheck = 0920;
				LastUpgradeCheck = 0920;
				ORGANIZATIONNAME = "Christopher Bantle and Daniel Halpern";
				TargetAttributes = {
					9FEFCAEF1FE5D18000905717 = {
						CreatedOnToolsVersion = 9.2;
						ProvisioningStyle = Automatic;
					};
					9FEFCB051FE5D18100905717 = {
						CreatedOnToolsVersion = 9.2;
						ProvisioningStyle = Automatic;
						TestTargetID = 9FEFCAEF1FE5D18000905717;
					};
					9FEFCB101FE5D18100905717 = {
						CreatedOnToolsVersion = 9.2;
						ProvisioningStyle = Automatic;
						TestTargetID = 9FEFCAEF1FE5D18000905717;
					};
				};
			};
			buildConfigurationList = 9FEFCAEB1FE5D18000905717 /* Build configuration list for PBXProject "Expenses App" */;
			compatibilityVersion = "Xcode 8.0";
			developmentRegion = en;
			hasScannedForEncodings = 0;
			knownRegions = (
				en,
				Base,
			);
			mainGroup = 9FEFCAE71FE5D18000905717;
			productRefGroup = 9FEFCAF11FE5D18100905717 /* Products */;
			projectDirPath = "";
			projectRoot = "";
			targets = (
				9FEFCAEF1FE5D18000905717 /* Expenses App */,
				9FEFCB051FE5D18100905717 /* Expenses AppTests */,
				9FEFCB101FE5D18100905717 /* Expenses AppUITests */,
			);
		};
/* End PBXProject section */

/* Begin PBXResourcesBuildPhase section */
		9FEFCAEE1FE5D18000905717 /* Resources */ = {
			isa = PBXResourcesBuildPhase;
			buildActionMask = 2147483647;
			files = (
				9FEFCB001FE5D18100905717 /* LaunchScreen.storyboard in Resources */,
				9FEFCAFD1FE5D18100905717 /* Assets.xcassets in Resources */,
				9FEFCAFB1FE5D18100905717 /* Main.storyboard in Resources */,
			);
			runOnlyForDeploymentPostprocessing = 0;
		};
		9FEFCB041FE5D18100905717 /* Resources */ = {
			isa = PBXResourcesBuildPhase;
			buildActionMask = 2147483647;
			files = (
			);
			runOnlyForDeploymentPostprocessing = 0;
		};
		9FEFCB0F1FE5D18100905717 /* Resources */ = {
			isa = PBXResourcesBuildPhase;
			buildActionMask = 2147483647;
			files = (
			);
			runOnlyForDeploymentPostprocessing = 0;
		};
/* End PBXResourcesBuildPhase section */

/* Begin PBXSourcesBuildPhase section */
		9FEFCAEC1FE5D18000905717 /* Sources */ = {
			isa = PBXSourcesBuildPhase;
			buildActionMask = 2147483647;
			files = (
				9F84FFE82005B9E600AAE9D6 /* PaymentExpenseSegmentControllerTableViewCell.swift in Sources */,
				9FA1330C2002FD38001CCE5A /* AddNewExpenseViewController.swift in Sources */,
				9F84FFEC2005BD0000AAE9D6 /* PaymentRecipientTableViewCell.swift in Sources */,
				9FA133062002EBFE001CCE5A /* SelectCategoryTableViewController.swift in Sources */,
				9F84FFCF20051D4E00AAE9D6 /* UIViewControllerExtension.swift in Sources */,
				9FA1330A2002F713001CCE5A /* IndividualExpenseCategoryTableViewController.swift in Sources */,
				9F84FFD5200535F400AAE9D6 /* TransactionTableViewCell.swift in Sources */,
				65A36E432001565800598783 /* TransactionFactory.swift in Sources */,
				6532F4961FF2E9AD00A0FA7D /* User.swift in Sources */,
				9F84FFE62005B93300AAE9D6 /* DateTableViewCell.swift in Sources */,
				65A36E3F2001403B00598783 /* ObservableTransaction.swift in Sources */,
				9F84FFDC2005819F00AAE9D6 /* SelectMonthTableViewController.swift in Sources */,
				65A36E412001406A00598783 /* SplitTransaction.swift in Sources */,
				9FEFCAF41FE5D18100905717 /* AppDelegate.swift in Sources */,
				9F84FFE42005B7FA00AAE9D6 /* DatePickerTableViewCell.swift in Sources */,
				6532F4981FF2E9C500A0FA7D /* Transaction.swift in Sources */,
				9F84FFEE2005BF7D00AAE9D6 /* CategoryTableViewCell.swift in Sources */,
			);
			runOnlyForDeploymentPostprocessing = 0;
		};
		9FEFCB021FE5D18100905717 /* Sources */ = {
			isa = PBXSourcesBuildPhase;
			buildActionMask = 2147483647;
			files = (
				9FEFCB0B1FE5D18100905717 /* Expenses_AppTests.swift in Sources */,
			);
			runOnlyForDeploymentPostprocessing = 0;
		};
		9FEFCB0D1FE5D18100905717 /* Sources */ = {
			isa = PBXSourcesBuildPhase;
			buildActionMask = 2147483647;
			files = (
				9FEFCB161FE5D18100905717 /* Expenses_AppUITests.swift in Sources */,
			);
			runOnlyForDeploymentPostprocessing = 0;
		};
/* End PBXSourcesBuildPhase section */

/* Begin PBXTargetDependency section */
		9FEFCB081FE5D18100905717 /* PBXTargetDependency */ = {
			isa = PBXTargetDependency;
			target = 9FEFCAEF1FE5D18000905717 /* Expenses App */;
			targetProxy = 9FEFCB071FE5D18100905717 /* PBXContainerItemProxy */;
		};
		9FEFCB131FE5D18100905717 /* PBXTargetDependency */ = {
			isa = PBXTargetDependency;
			target = 9FEFCAEF1FE5D18000905717 /* Expenses App */;
			targetProxy = 9FEFCB121FE5D18100905717 /* PBXContainerItemProxy */;
		};
/* End PBXTargetDependency section */

/* Begin PBXVariantGroup section */
		9FEFCAF91FE5D18100905717 /* Main.storyboard */ = {
			isa = PBXVariantGroup;
			children = (
				9FEFCAFA1FE5D18100905717 /* Base */,
			);
			name = Main.storyboard;
			sourceTree = "<group>";
		};
		9FEFCAFE1FE5D18100905717 /* LaunchScreen.storyboard */ = {
			isa = PBXVariantGroup;
			children = (
				9FEFCAFF1FE5D18100905717 /* Base */,
			);
			name = LaunchScreen.storyboard;
			sourceTree = "<group>";
		};
/* End PBXVariantGroup section */

/* Begin XCBuildConfiguration section */
		9FEFCB181FE5D18100905717 /* Debug */ = {
			isa = XCBuildConfiguration;
			buildSettings = {
				ALWAYS_SEARCH_USER_PATHS = NO;
				CLANG_ANALYZER_NONNULL = YES;
				CLANG_ANALYZER_NUMBER_OBJECT_CONVERSION = YES_AGGRESSIVE;
				CLANG_CXX_LANGUAGE_STANDARD = "gnu++14";
				CLANG_CXX_LIBRARY = "libc++";
				CLANG_ENABLE_MODULES = YES;
				CLANG_ENABLE_OBJC_ARC = YES;
				CLANG_WARN_BLOCK_CAPTURE_AUTORELEASING = YES;
				CLANG_WARN_BOOL_CONVERSION = YES;
				CLANG_WARN_COMMA = YES;
				CLANG_WARN_CONSTANT_CONVERSION = YES;
				CLANG_WARN_DIRECT_OBJC_ISA_USAGE = YES_ERROR;
				CLANG_WARN_DOCUMENTATION_COMMENTS = YES;
				CLANG_WARN_EMPTY_BODY = YES;
				CLANG_WARN_ENUM_CONVERSION = YES;
				CLANG_WARN_INFINITE_RECURSION = YES;
				CLANG_WARN_INT_CONVERSION = YES;
				CLANG_WARN_NON_LITERAL_NULL_CONVERSION = YES;
				CLANG_WARN_OBJC_LITERAL_CONVERSION = YES;
				CLANG_WARN_OBJC_ROOT_CLASS = YES_ERROR;
				CLANG_WARN_RANGE_LOOP_ANALYSIS = YES;
				CLANG_WARN_STRICT_PROTOTYPES = YES;
				CLANG_WARN_SUSPICIOUS_MOVE = YES;
				CLANG_WARN_UNGUARDED_AVAILABILITY = YES_AGGRESSIVE;
				CLANG_WARN_UNREACHABLE_CODE = YES;
				CLANG_WARN__DUPLICATE_METHOD_MATCH = YES;
				CODE_SIGN_IDENTITY = "iPhone Developer";
				COPY_PHASE_STRIP = NO;
				DEBUG_INFORMATION_FORMAT = dwarf;
				ENABLE_STRICT_OBJC_MSGSEND = YES;
				ENABLE_TESTABILITY = YES;
				GCC_C_LANGUAGE_STANDARD = gnu11;
				GCC_DYNAMIC_NO_PIC = NO;
				GCC_NO_COMMON_BLOCKS = YES;
				GCC_OPTIMIZATION_LEVEL = 0;
				GCC_PREPROCESSOR_DEFINITIONS = (
					"DEBUG=1",
					"$(inherited)",
				);
				GCC_WARN_64_TO_32_BIT_CONVERSION = YES;
				GCC_WARN_ABOUT_RETURN_TYPE = YES_ERROR;
				GCC_WARN_UNDECLARED_SELECTOR = YES;
				GCC_WARN_UNINITIALIZED_AUTOS = YES_AGGRESSIVE;
				GCC_WARN_UNUSED_FUNCTION = YES;
				GCC_WARN_UNUSED_VARIABLE = YES;
				IPHONEOS_DEPLOYMENT_TARGET = 11.2;
				MTL_ENABLE_DEBUG_INFO = YES;
				ONLY_ACTIVE_ARCH = YES;
				SDKROOT = iphoneos;
				SWIFT_ACTIVE_COMPILATION_CONDITIONS = DEBUG;
				SWIFT_OPTIMIZATION_LEVEL = "-Onone";
			};
			name = Debug;
		};
		9FEFCB191FE5D18100905717 /* Release */ = {
			isa = XCBuildConfiguration;
			buildSettings = {
				ALWAYS_SEARCH_USER_PATHS = NO;
				CLANG_ANALYZER_NONNULL = YES;
				CLANG_ANALYZER_NUMBER_OBJECT_CONVERSION = YES_AGGRESSIVE;
				CLANG_CXX_LANGUAGE_STANDARD = "gnu++14";
				CLANG_CXX_LIBRARY = "libc++";
				CLANG_ENABLE_MODULES = YES;
				CLANG_ENABLE_OBJC_ARC = YES;
				CLANG_WARN_BLOCK_CAPTURE_AUTORELEASING = YES;
				CLANG_WARN_BOOL_CONVERSION = YES;
				CLANG_WARN_COMMA = YES;
				CLANG_WARN_CONSTANT_CONVERSION = YES;
				CLANG_WARN_DIRECT_OBJC_ISA_USAGE = YES_ERROR;
				CLANG_WARN_DOCUMENTATION_COMMENTS = YES;
				CLANG_WARN_EMPTY_BODY = YES;
				CLANG_WARN_ENUM_CONVERSION = YES;
				CLANG_WARN_INFINITE_RECURSION = YES;
				CLANG_WARN_INT_CONVERSION = YES;
				CLANG_WARN_NON_LITERAL_NULL_CONVERSION = YES;
				CLANG_WARN_OBJC_LITERAL_CONVERSION = YES;
				CLANG_WARN_OBJC_ROOT_CLASS = YES_ERROR;
				CLANG_WARN_RANGE_LOOP_ANALYSIS = YES;
				CLANG_WARN_STRICT_PROTOTYPES = YES;
				CLANG_WARN_SUSPICIOUS_MOVE = YES;
				CLANG_WARN_UNGUARDED_AVAILABILITY = YES_AGGRESSIVE;
				CLANG_WARN_UNREACHABLE_CODE = YES;
				CLANG_WARN__DUPLICATE_METHOD_MATCH = YES;
				CODE_SIGN_IDENTITY = "iPhone Developer";
				COPY_PHASE_STRIP = NO;
				DEBUG_INFORMATION_FORMAT = "dwarf-with-dsym";
				ENABLE_NS_ASSERTIONS = NO;
				ENABLE_STRICT_OBJC_MSGSEND = YES;
				GCC_C_LANGUAGE_STANDARD = gnu11;
				GCC_NO_COMMON_BLOCKS = YES;
				GCC_WARN_64_TO_32_BIT_CONVERSION = YES;
				GCC_WARN_ABOUT_RETURN_TYPE = YES_ERROR;
				GCC_WARN_UNDECLARED_SELECTOR = YES;
				GCC_WARN_UNINITIALIZED_AUTOS = YES_AGGRESSIVE;
				GCC_WARN_UNUSED_FUNCTION = YES;
				GCC_WARN_UNUSED_VARIABLE = YES;
				IPHONEOS_DEPLOYMENT_TARGET = 11.2;
				MTL_ENABLE_DEBUG_INFO = NO;
				SDKROOT = iphoneos;
				SWIFT_OPTIMIZATION_LEVEL = "-Owholemodule";
				VALIDATE_PRODUCT = YES;
			};
			name = Release;
		};
		9FEFCB1B1FE5D18100905717 /* Debug */ = {
			isa = XCBuildConfiguration;
			buildSettings = {
				ASSETCATALOG_COMPILER_APPICON_NAME = AppIcon;
				CODE_SIGN_STYLE = Automatic;
				INFOPLIST_FILE = "Expenses App/Info.plist";
				LD_RUNPATH_SEARCH_PATHS = "$(inherited) @executable_path/Frameworks";
				PRODUCT_BUNDLE_IDENTIFIER = "Christopher-Bantle-and-Daniel-Halpern.Expenses-App";
				PRODUCT_NAME = "$(TARGET_NAME)";
				SWIFT_VERSION = 4.0;
				TARGETED_DEVICE_FAMILY = "1,2";
			};
			name = Debug;
		};
		9FEFCB1C1FE5D18100905717 /* Release */ = {
			isa = XCBuildConfiguration;
			buildSettings = {
				ASSETCATALOG_COMPILER_APPICON_NAME = AppIcon;
				CODE_SIGN_STYLE = Automatic;
				INFOPLIST_FILE = "Expenses App/Info.plist";
				LD_RUNPATH_SEARCH_PATHS = "$(inherited) @executable_path/Frameworks";
				PRODUCT_BUNDLE_IDENTIFIER = "Christopher-Bantle-and-Daniel-Halpern.Expenses-App";
				PRODUCT_NAME = "$(TARGET_NAME)";
				SWIFT_VERSION = 4.0;
				TARGETED_DEVICE_FAMILY = "1,2";
			};
			name = Release;
		};
		9FEFCB1E1FE5D18100905717 /* Debug */ = {
			isa = XCBuildConfiguration;
			buildSettings = {
				ALWAYS_EMBED_SWIFT_STANDARD_LIBRARIES = YES;
				BUNDLE_LOADER = "$(TEST_HOST)";
				CODE_SIGN_STYLE = Automatic;
				INFOPLIST_FILE = "Expenses AppTests/Info.plist";
				LD_RUNPATH_SEARCH_PATHS = "$(inherited) @executable_path/Frameworks @loader_path/Frameworks";
				PRODUCT_BUNDLE_IDENTIFIER = "Christopher-Bantle-and-Daniel-Halpern.Expenses-AppTests";
				PRODUCT_NAME = "$(TARGET_NAME)";
				SWIFT_VERSION = 4.0;
				TARGETED_DEVICE_FAMILY = "1,2";
				TEST_HOST = "$(BUILT_PRODUCTS_DIR)/Expenses App.app/Expenses App";
			};
			name = Debug;
		};
		9FEFCB1F1FE5D18100905717 /* Release */ = {
			isa = XCBuildConfiguration;
			buildSettings = {
				ALWAYS_EMBED_SWIFT_STANDARD_LIBRARIES = YES;
				BUNDLE_LOADER = "$(TEST_HOST)";
				CODE_SIGN_STYLE = Automatic;
				INFOPLIST_FILE = "Expenses AppTests/Info.plist";
				LD_RUNPATH_SEARCH_PATHS = "$(inherited) @executable_path/Frameworks @loader_path/Frameworks";
				PRODUCT_BUNDLE_IDENTIFIER = "Christopher-Bantle-and-Daniel-Halpern.Expenses-AppTests";
				PRODUCT_NAME = "$(TARGET_NAME)";
				SWIFT_VERSION = 4.0;
				TARGETED_DEVICE_FAMILY = "1,2";
				TEST_HOST = "$(BUILT_PRODUCTS_DIR)/Expenses App.app/Expenses App";
			};
			name = Release;
		};
		9FEFCB211FE5D18100905717 /* Debug */ = {
			isa = XCBuildConfiguration;
			buildSettings = {
				ALWAYS_EMBED_SWIFT_STANDARD_LIBRARIES = YES;
				CODE_SIGN_STYLE = Automatic;
				INFOPLIST_FILE = "Expenses AppUITests/Info.plist";
				LD_RUNPATH_SEARCH_PATHS = "$(inherited) @executable_path/Frameworks @loader_path/Frameworks";
				PRODUCT_BUNDLE_IDENTIFIER = "Christopher-Bantle-and-Daniel-Halpern.Expenses-AppUITests";
				PRODUCT_NAME = "$(TARGET_NAME)";
				SWIFT_VERSION = 4.0;
				TARGETED_DEVICE_FAMILY = "1,2";
				TEST_TARGET_NAME = "Expenses App";
			};
			name = Debug;
		};
		9FEFCB221FE5D18100905717 /* Release */ = {
			isa = XCBuildConfiguration;
			buildSettings = {
				ALWAYS_EMBED_SWIFT_STANDARD_LIBRARIES = YES;
				CODE_SIGN_STYLE = Automatic;
				INFOPLIST_FILE = "Expenses AppUITests/Info.plist";
				LD_RUNPATH_SEARCH_PATHS = "$(inherited) @executable_path/Frameworks @loader_path/Frameworks";
				PRODUCT_BUNDLE_IDENTIFIER = "Christopher-Bantle-and-Daniel-Halpern.Expenses-AppUITests";
				PRODUCT_NAME = "$(TARGET_NAME)";
				SWIFT_VERSION = 4.0;
				TARGETED_DEVICE_FAMILY = "1,2";
				TEST_TARGET_NAME = "Expenses App";
			};
			name = Release;
		};
/* End XCBuildConfiguration section */

/* Begin XCConfigurationList section */
		9FEFCAEB1FE5D18000905717 /* Build configuration list for PBXProject "Expenses App" */ = {
			isa = XCConfigurationList;
			buildConfigurations = (
				9FEFCB181FE5D18100905717 /* Debug */,
				9FEFCB191FE5D18100905717 /* Release */,
			);
			defaultConfigurationIsVisible = 0;
			defaultConfigurationName = Release;
		};
		9FEFCB1A1FE5D18100905717 /* Build configuration list for PBXNativeTarget "Expenses App" */ = {
			isa = XCConfigurationList;
			buildConfigurations = (
				9FEFCB1B1FE5D18100905717 /* Debug */,
				9FEFCB1C1FE5D18100905717 /* Release */,
			);
			defaultConfigurationIsVisible = 0;
			defaultConfigurationName = Release;
		};
		9FEFCB1D1FE5D18100905717 /* Build configuration list for PBXNativeTarget "Expenses AppTests" */ = {
			isa = XCConfigurationList;
			buildConfigurations = (
				9FEFCB1E1FE5D18100905717 /* Debug */,
				9FEFCB1F1FE5D18100905717 /* Release */,
			);
			defaultConfigurationIsVisible = 0;
			defaultConfigurationName = Release;
		};
		9FEFCB201FE5D18100905717 /* Build configuration list for PBXNativeTarget "Expenses AppUITests" */ = {
			isa = XCConfigurationList;
			buildConfigurations = (
				9FEFCB211FE5D18100905717 /* Debug */,
				9FEFCB221FE5D18100905717 /* Release */,
			);
			defaultConfigurationIsVisible = 0;
			defaultConfigurationName = Release;
		};
/* End XCConfigurationList section */
	};
	rootObject = 9FEFCAE81FE5D18000905717 /* Project object */;
}
